
Microsoft Visual Studio Solution File, Format Version 12.00
# Visual Studio Version 16
VisualStudioVersion = 16.0.31911.196
MinimumVisualStudioVersion = 10.0.40219.1
Project("{2150E333-8FDC-42A3-9474-1A3956D46DE8}") = "Core", "Core", "{FCD0A1E3-1A88-413C-AB87-12BD97B9039C}"
EndProject
Project("{2150E333-8FDC-42A3-9474-1A3956D46DE8}") = "Database", "Database", "{2FCB1060-2F2E-4E83-AFE3-DB31E10AA5B5}"
EndProject
Project("{2150E333-8FDC-42A3-9474-1A3956D46DE8}") = "Infrastructure", "Infrastructure", "{84779272-73E1-4963-847A-0BDE7E5BBB33}"
EndProject
Project("{2150E333-8FDC-42A3-9474-1A3956D46DE8}") = "WebAPI", "WebAPI", "{E7140990-CA76-434D-A826-3B43AD35B6D1}"
EndProject
Project("{2150E333-8FDC-42A3-9474-1A3956D46DE8}") = "Web", "Web", "{9579FEF1-98FE-4B42-9219-E83FEDE47079}"
EndProject
Project("{9A19103F-16F7-4668-BE54-9A1E7A4F7556}") = "Core.Repository", "Core.Repository\Core.Repository.csproj", "{8706B151-9A66-42E9-B7E3-D07047F1B05B}"
EndProject
Project("{9A19103F-16F7-4668-BE54-9A1E7A4F7556}") = "Core.Security", "Core.Security\Core.Security.csproj", "{AA10B34D-F649-4C55-B102-C457079E8108}"
EndProject
Project("{9A19103F-16F7-4668-BE54-9A1E7A4F7556}") = "Core.Utility", "Core.Utility\Core.Utility.csproj", "{984CB73D-C79D-4EA9-9F89-755E6165105E}"
EndProject
Project("{00D1A9C2-B5F0-4AF3-8072-F6C62B433612}") = "TKMS.Database", "TKMS.Database\TKMS.Database.sqlproj", "{863D2A1F-CA8E-422E-A75D-F7E83B30CA7E}"
EndProject
Project("{9A19103F-16F7-4668-BE54-9A1E7A4F7556}") = "TKMS.Abstraction", "TKMS.Abstraction\TKMS.Abstraction.csproj", "{991A0582-EE77-40C1-A5A2-48F2C5BF9DE3}"
EndProject
Project("{9A19103F-16F7-4668-BE54-9A1E7A4F7556}") = "TKMS.Repository", "TKMS.Repository\TKMS.Repository.csproj", "{6CCC10C4-B4FD-4072-8DB9-D6D41F6BE5AF}"
EndProject
Project("{9A19103F-16F7-4668-BE54-9A1E7A4F7556}") = "TKMS.Service", "TKMS.Service\TKMS.Service.csproj", "{8396C8D1-80B1-46ED-BD27-024893499C98}"
EndProject
Project("{9A19103F-16F7-4668-BE54-9A1E7A4F7556}") = "TKMS.Web", "TKMS.Web\TKMS.Web.csproj", "{EDBD7AD1-B1DE-43FE-BF1E-21047B98298B}"
EndProject
Project("{9A19103F-16F7-4668-BE54-9A1E7A4F7556}") = "TKMS.WebApi", "TKMS.WebApi\TKMS.WebApi.csproj", "{8BB6328D-3379-467D-A4FA-D87D44BADF6C}"
EndProject
Project("{2150E333-8FDC-42A3-9474-1A3956D46DE8}") = "WindowService", "WindowService", "{40C3CDE0-BE18-4033-93D5-798BC8FCD191}"
EndProject
Project("{FAE04EC0-301F-11D3-BF4B-00C04F79EFBC}") = "TKMS.WindowService", "TKMS.WindowService\TKMS.WindowService.csproj", "{AB193783-84FF-49D7-A37B-B8DD0AC6D8EC}"
EndProject
Global
	GlobalSection(SolutionConfigurationPlatforms) = preSolution
		Debug|Any CPU = Debug|Any CPU
		Release|Any CPU = Release|Any CPU
	EndGlobalSection
	GlobalSection(ProjectConfigurationPlatforms) = postSolution
		{8706B151-9A66-42E9-B7E3-D07047F1B05B}.Debug|Any CPU.ActiveCfg = Debug|Any CPU
		{8706B151-9A66-42E9-B7E3-D07047F1B05B}.Debug|Any CPU.Build.0 = Debug|Any CPU
		{8706B151-9A66-42E9-B7E3-D07047F1B05B}.Release|Any CPU.ActiveCfg = Release|Any CPU
		{8706B151-9A66-42E9-B7E3-D07047F1B05B}.Release|Any CPU.Build.0 = Release|Any CPU
		{AA10B34D-F649-4C55-B102-C457079E8108}.Debug|Any CPU.ActiveCfg = Debug|Any CPU
		{AA10B34D-F649-4C55-B102-C457079E8108}.Debug|Any CPU.Build.0 = Debug|Any CPU
		{AA10B34D-F649-4C55-B102-C457079E8108}.Release|Any CPU.ActiveCfg = Release|Any CPU
		{AA10B34D-F649-4C55-B102-C457079E8108}.Release|Any CPU.Build.0 = Release|Any CPU
		{984CB73D-C79D-4EA9-9F89-755E6165105E}.Debug|Any CPU.ActiveCfg = Debug|Any CPU
		{984CB73D-C79D-4EA9-9F89-755E6165105E}.Debug|Any CPU.Build.0 = Debug|Any CPU
		{984CB73D-C79D-4EA9-9F89-755E6165105E}.Release|Any CPU.ActiveCfg = Release|Any CPU
		{984CB73D-C79D-4EA9-9F89-755E6165105E}.Release|Any CPU.Build.0 = Release|Any CPU
		{863D2A1F-CA8E-422E-A75D-F7E83B30CA7E}.Debug|Any CPU.ActiveCfg = Debug|Any CPU
		{863D2A1F-CA8E-422E-A75D-F7E83B30CA7E}.Debug|Any CPU.Build.0 = Debug|Any CPU
		{863D2A1F-CA8E-422E-A75D-F7E83B30CA7E}.Debug|Any CPU.Deploy.0 = Debug|Any CPU
		{863D2A1F-CA8E-422E-A75D-F7E83B30CA7E}.Release|Any CPU.ActiveCfg = Release|Any CPU
		{863D2A1F-CA8E-422E-A75D-F7E83B30CA7E}.Release|Any CPU.Build.0 = Release|Any CPU
		{863D2A1F-CA8E-422E-A75D-F7E83B30CA7E}.Release|Any CPU.Deploy.0 = Release|Any CPU
		{991A0582-EE77-40C1-A5A2-48F2C5BF9DE3}.Debug|Any CPU.ActiveCfg = Debug|Any CPU
		{991A0582-EE77-40C1-A5A2-48F2C5BF9DE3}.Debug|Any CPU.Build.0 = Debug|Any CPU
		{991A0582-EE77-40C1-A5A2-48F2C5BF9DE3}.Release|Any CPU.ActiveCfg = Release|Any CPU
		{991A0582-EE77-40C1-A5A2-48F2C5BF9DE3}.Release|Any CPU.Build.0 = Release|Any CPU
		{6CCC10C4-B4FD-4072-8DB9-D6D41F6BE5AF}.Debug|Any CPU.ActiveCfg = Debug|Any CPU
		{6CCC10C4-B4FD-4072-8DB9-D6D41F6BE5AF}.Debug|Any CPU.Build.0 = Debug|Any CPU
		{6CCC10C4-B4FD-4072-8DB9-D6D41F6BE5AF}.Release|Any CPU.ActiveCfg = Release|Any CPU
		{6CCC10C4-B4FD-4072-8DB9-D6D41F6BE5AF}.Release|Any CPU.Build.0 = Release|Any CPU
		{8396C8D1-80B1-46ED-BD27-024893499C98}.Debug|Any CPU.ActiveCfg = Debug|Any CPU
		{8396C8D1-80B1-46ED-BD27-024893499C98}.Debug|Any CPU.Build.0 = Debug|Any CPU
		{8396C8D1-80B1-46ED-BD27-024893499C98}.Release|Any CPU.ActiveCfg = Release|Any CPU
		{8396C8D1-80B1-46ED-BD27-024893499C98}.Release|Any CPU.Build.0 = Release|Any CPU
		{EDBD7AD1-B1DE-43FE-BF1E-21047B98298B}.Debug|Any CPU.ActiveCfg = Debug|Any CPU
		{EDBD7AD1-B1DE-43FE-BF1E-21047B98298B}.Debug|Any CPU.Build.0 = Debug|Any CPU
		{EDBD7AD1-B1DE-43FE-BF1E-21047B98298B}.Release|Any CPU.ActiveCfg = Release|Any CPU
		{EDBD7AD1-B1DE-43FE-BF1E-21047B98298B}.Release|Any CPU.Build.0 = Release|Any CPU
		{8BB6328D-3379-467D-A4FA-D87D44BADF6C}.Debug|Any CPU.ActiveCfg = Debug|Any CPU
		{8BB6328D-3379-467D-A4FA-D87D44BADF6C}.Debug|Any CPU.Build.0 = Debug|Any CPU
		{8BB6328D-3379-467D-A4FA-D87D44BADF6C}.Release|Any CPU.ActiveCfg = Release|Any CPU
		{8BB6328D-3379-467D-A4FA-D87D44BADF6C}.Release|Any CPU.Build.0 = Release|Any CPU
		{AB193783-84FF-49D7-A37B-B8DD0AC6D8EC}.Debug|Any CPU.ActiveCfg = Debug|Any CPU
		{AB193783-84FF-49D7-A37B-B8DD0AC6D8EC}.Debug|Any CPU.Build.0 = Debug|Any CPU
		{AB193783-84FF-49D7-A37B-B8DD0AC6D8EC}.Release|Any CPU.ActiveCfg = Release|Any CPU
		{AB193783-84FF-49D7-A37B-B8DD0AC6D8EC}.Release|Any CPU.Build.0 = Release|Any CPU
	EndGlobalSection
	GlobalSection(SolutionProperties) = preSolution
		HideSolutionNode = FALSE
	EndGlobalSection
	GlobalSection(NestedProjects) = preSolution
		{8706B151-9A66-42E9-B7E3-D07047F1B05B} = {FCD0A1E3-1A88-413C-AB87-12BD97B9039C}
		{AA10B34D-F649-4C55-B102-C457079E8108} = {FCD0A1E3-1A88-413C-AB87-12BD97B9039C}
		{984CB73D-C79D-4EA9-9F89-755E6165105E} = {FCD0A1E3-1A88-413C-AB87-12BD97B9039C}
		{863D2A1F-CA8E-422E-A75D-F7E83B30CA7E} = {2FCB1060-2F2E-4E83-AFE3-DB31E10AA5B5}
		{991A0582-EE77-40C1-A5A2-48F2C5BF9DE3} = {84779272-73E1-4963-847A-0BDE7E5BBB33}
		{6CCC10C4-B4FD-4072-8DB9-D6D41F6BE5AF} = {84779272-73E1-4963-847A-0BDE7E5BBB33}
		{8396C8D1-80B1-46ED-BD27-024893499C98} = {84779272-73E1-4963-847A-0BDE7E5BBB33}
		{EDBD7AD1-B1DE-43FE-BF1E-21047B98298B} = {9579FEF1-98FE-4B42-9219-E83FEDE47079}
		{8BB6328D-3379-467D-A4FA-D87D44BADF6C} = {E7140990-CA76-434D-A826-3B43AD35B6D1}
		{AB193783-84FF-49D7-A37B-B8DD0AC6D8EC} = {40C3CDE0-BE18-4033-93D5-798BC8FCD191}
	EndGlobalSection
	GlobalSection(ExtensibilityGlobals) = postSolution
		SolutionGuid = {6952C909-1E42-4982-83BC-D8B88337808C}
	EndGlobalSection
EndGlobal
